<?xml version="1.0" encoding="utf-8"?>
<Project ToolsVersion="4.0" xmlns="http://schemas.microsoft.com/developer/msbuild/2003">
  <ItemGroup>
    <Filter Include="소스 파일">
      <UniqueIdentifier>{4FC737F1-C7A5-4376-A066-2A32D752A2FF}</UniqueIdentifier>
      <Extensions>cpp;c;cc;cxx;c++;cppm;ixx;def;odl;idl;hpj;bat;asm;asmx</Extensions>
    </Filter>
    <Filter Include="헤더 파일">
      <UniqueIdentifier>{93995380-89BD-4b04-88EB-625FBE52EBFB}</UniqueIdentifier>
      <Extensions>h;hh;hpp;hxx;h++;hm;inl;inc;ipp;xsd</Extensions>
    </Filter>
    <Filter Include="리소스 파일">
      <UniqueIdentifier>{67DA6AB6-F800-4c08-8B7A-83BB121AAD01}</UniqueIdentifier>
      <Extensions>rc;ico;cur;bmp;dlg;rc2;rct;bin;rgs;gif;jpg;jpeg;jpe;resx;tiff;tif;png;wav;mfcribbon-ms</Extensions>
    </Filter>
    <Filter Include="MainGame">
      <UniqueIdentifier>{cb6807f4-0fdf-47de-b7e8-4546acbe35ae}</UniqueIdentifier>
    </Filter>
    <Filter Include="2D Framework">
      <UniqueIdentifier>{18f2c5ba-c6f2-4ac2-a4b6-7d870f746713}</UniqueIdentifier>
    </Filter>
    <Filter Include="MainGame\Enemy">
      <UniqueIdentifier>{c4133e5e-cf55-4621-9d31-d82d707d7d16}</UniqueIdentifier>
    </Filter>
    <Filter Include="MainGame\Missile">
      <UniqueIdentifier>{70574d2a-5972-4b7e-bc94-9460b7ad3888}</UniqueIdentifier>
    </Filter>
    <Filter Include="2D Framework\Timer">
      <UniqueIdentifier>{30f93bd0-8426-46a5-8a65-4d84027ae64f}</UniqueIdentifier>
    </Filter>
    <Filter Include="MainGame\Player">
      <UniqueIdentifier>{86043c8a-dceb-4e3d-a56d-376787ac89ab}</UniqueIdentifier>
    </Filter>
    <Filter Include="2D Framework\GameObject">
      <UniqueIdentifier>{ed8aa66f-8972-4254-b0e8-1744769043ca}</UniqueIdentifier>
    </Filter>
    <Filter Include="MainGame\Enemy\Sagittarius">
      <UniqueIdentifier>{1c9f6f8a-b46f-4eb0-b816-8c395a4b5792}</UniqueIdentifier>
    </Filter>
    <Filter Include="MainGame\Enemy\Sagittarius\Star">
      <UniqueIdentifier>{99e44530-ff94-4759-aed0-e187658010f5}</UniqueIdentifier>
    </Filter>
    <Filter Include="MainGame\Enemy\Sagittarius\Arrow">
      <UniqueIdentifier>{b86ab429-09c3-4945-af67-14ee279b735b}</UniqueIdentifier>
    </Filter>
    <Filter Include="MainGame\Enemy\UFO">
      <UniqueIdentifier>{ca75984f-dd6e-4d43-8394-f9d6bdafbf35}</UniqueIdentifier>
    </Filter>
    <Filter Include="MainGame\Enemy\UFO\UFOBeam">
      <UniqueIdentifier>{f44c96b0-9e2d-4250-9a86-d359bbb9f5b7}</UniqueIdentifier>
    </Filter>
    <Filter Include="MainGame\Enemy\Sagittarius\Cloud">
      <UniqueIdentifier>{50d00f88-f519-4df4-87f0-48bc4b2d320d}</UniqueIdentifier>
    </Filter>
    <Filter Include="MainGame\BackGround">
      <UniqueIdentifier>{3cc5650b-eaac-4d13-9cd1-703e14f33d42}</UniqueIdentifier>
    </Filter>
    <Filter Include="MainGame\Enemy\Moon">
      <UniqueIdentifier>{3a1e8550-902f-43d0-b1ea-4a3d4ae13e22}</UniqueIdentifier>
    </Filter>
    <Filter Include="MainGame\Enemy\BlimpEnemy">
      <UniqueIdentifier>{07c2a441-a826-4bb3-a953-2089ab90a541}</UniqueIdentifier>
    </Filter>
    <Filter Include="MainGame\Enemy\Tornado">
      <UniqueIdentifier>{3a18a387-eadb-4cab-9e88-49cc723dd6a5}</UniqueIdentifier>
    </Filter>
    <Filter Include="MainGame\Bullet">
      <UniqueIdentifier>{f4325e91-1cd1-4944-b822-866867221cdd}</UniqueIdentifier>
    </Filter>
  </ItemGroup>
  <ItemGroup>
    <ClCompile Include="main.cpp">
      <Filter>소스 파일</Filter>
    </ClCompile>
    <ClCompile Include="MainGame.cpp">
      <Filter>MainGame</Filter>
    </ClCompile>
    <ClCompile Include="Image.cpp">
      <Filter>2D Framework</Filter>
    </ClCompile>
    <ClCompile Include="KeyManager.cpp">
      <Filter>2D Framework</Filter>
    </ClCompile>
    <ClCompile Include="Enemy.cpp">
      <Filter>MainGame\Enemy</Filter>
    </ClCompile>
    <ClCompile Include="EnemyManager.cpp">
      <Filter>MainGame\Enemy</Filter>
    </ClCompile>
    <ClCompile Include="MissileManager.cpp">
      <Filter>MainGame\Missile</Filter>
    </ClCompile>
    <ClCompile Include="Missile.cpp">
      <Filter>MainGame\Missile</Filter>
    </ClCompile>
    <ClCompile Include="ImageManager.cpp">
      <Filter>2D Framework</Filter>
    </ClCompile>
    <ClCompile Include="Timer.cpp">
      <Filter>2D Framework\Timer</Filter>
    </ClCompile>
    <ClCompile Include="TimerManager.cpp">
      <Filter>2D Framework\Timer</Filter>
    </ClCompile>
    <ClCompile Include="CollisionManager.cpp">
      <Filter>2D Framework</Filter>
    </ClCompile>
    <ClCompile Include="Collider.cpp">
      <Filter>2D Framework</Filter>
    </ClCompile>
    <ClCompile Include="ObjectManager.cpp">
      <Filter>2D Framework</Filter>
    </ClCompile>
    <ClCompile Include="Player.cpp">
      <Filter>MainGame\Player</Filter>
    </ClCompile>
    <ClCompile Include="GameObject.cpp">
      <Filter>2D Framework\GameObject</Filter>
    </ClCompile>
    <ClCompile Include="Actor.cpp">
      <Filter>2D Framework\GameObject</Filter>
    </ClCompile>
    <ClCompile Include="Pawn.cpp">
      <Filter>2D Framework\GameObject</Filter>
    </ClCompile>
    <ClCompile Include="Character.cpp">
      <Filter>2D Framework\GameObject</Filter>
    </ClCompile>
    <ClCompile Include="SagittariusStar.cpp">
      <Filter>MainGame\Enemy\Sagittarius\Star</Filter>
    </ClCompile>
    <ClCompile Include="SagittariusArrow.cpp">
      <Filter>MainGame\Enemy\Sagittarius\Arrow</Filter>
    </ClCompile>
    <ClCompile Include="UFO.cpp">
      <Filter>MainGame\Enemy\UFO</Filter>
    </ClCompile>
    <ClCompile Include="UFOBeam.cpp">
      <Filter>MainGame\Enemy\UFO\UFOBeam</Filter>
    </ClCompile>
    <ClCompile Include="LaughProjectile.cpp">
      <Filter>소스 파일</Filter>
    </ClCompile>
    <ClCompile Include="StarProjectile.cpp">
      <Filter>소스 파일</Filter>
    </ClCompile>
    <ClCompile Include="Effect.cpp">
      <Filter>소스 파일</Filter>
    </ClCompile>
    <ClCompile Include="EffectManager.cpp">
      <Filter>소스 파일</Filter>
    </ClCompile>
    <ClCompile Include="Sagittarius.cpp">
      <Filter>MainGame\Enemy\Sagittarius</Filter>
    </ClCompile>
    <ClCompile Include="SagittariusCloud.cpp">
      <Filter>MainGame\Enemy\Sagittarius\Cloud</Filter>
    </ClCompile>
    <ClCompile Include="BackGround.cpp">
      <Filter>MainGame\BackGround</Filter>
    </ClCompile>
    <ClCompile Include="Moon.cpp">
      <Filter>MainGame\Enemy\Moon</Filter>
    </ClCompile>
    <ClCompile Include="BlimpEnemy.cpp">
      <Filter>MainGame\Enemy\BlimpEnemy</Filter>
    </ClCompile>
    <ClCompile Include="Tornado.cpp">
      <Filter>MainGame\Enemy\Tornado</Filter>
    </ClCompile>
    <ClCompile Include="Bullet.cpp">
      <Filter>MainGame\Bullet</Filter>
    </ClCompile>
    <ClCompile Include="PlayerMissile.cpp">
      <Filter>소스 파일</Filter>
    </ClCompile>
  </ItemGroup>
  <ItemGroup>
    <ClInclude Include="config.h">
      <Filter>헤더 파일</Filter>
    </ClInclude>
    <ClInclude Include="CommonFunction.h">
      <Filter>헤더 파일</Filter>
    </ClInclude>
    <ClInclude Include="MainGame.h">
      <Filter>MainGame</Filter>
    </ClInclude>
    <ClInclude Include="Image.h">
      <Filter>2D Framework</Filter>
    </ClInclude>
    <ClInclude Include="KeyManager.h">
      <Filter>2D Framework</Filter>
    </ClInclude>
    <ClInclude Include="Singleton.h">
      <Filter>2D Framework</Filter>
    </ClInclude>
    <ClInclude Include="Enemy.h">
      <Filter>MainGame\Enemy</Filter>
    </ClInclude>
    <ClInclude Include="EnemyManager.h">
      <Filter>MainGame\Enemy</Filter>
    </ClInclude>
    <ClInclude Include="MissileManager.h">
      <Filter>MainGame\Missile</Filter>
    </ClInclude>
    <ClInclude Include="Missile.h">
      <Filter>MainGame\Missile</Filter>
    </ClInclude>
    <ClInclude Include="ImageManager.h">
      <Filter>2D Framework</Filter>
    </ClInclude>
    <ClInclude Include="Timer.h">
      <Filter>2D Framework\Timer</Filter>
    </ClInclude>
    <ClInclude Include="TimerManager.h">
      <Filter>2D Framework\Timer</Filter>
    </ClInclude>
    <ClInclude Include="CollisionManager.h">
      <Filter>2D Framework</Filter>
    </ClInclude>
    <ClInclude Include="Collider.h">
      <Filter>2D Framework</Filter>
    </ClInclude>
    <ClInclude Include="ObjectManager.h">
      <Filter>2D Framework</Filter>
    </ClInclude>
    <ClInclude Include="Player.h">
      <Filter>MainGame\Player</Filter>
    </ClInclude>
    <ClInclude Include="GameObject.h">
      <Filter>2D Framework\GameObject</Filter>
    </ClInclude>
    <ClInclude Include="Actor.h">
      <Filter>2D Framework\GameObject</Filter>
    </ClInclude>
    <ClInclude Include="Pawn.h">
      <Filter>2D Framework\GameObject</Filter>
    </ClInclude>
    <ClInclude Include="Character.h">
      <Filter>2D Framework\GameObject</Filter>
    </ClInclude>
    <ClInclude Include="SagittariusStar.h">
      <Filter>MainGame\Enemy\Sagittarius\Star</Filter>
    </ClInclude>
    <ClInclude Include="SagittariusArrow.h">
      <Filter>MainGame\Enemy\Sagittarius\Arrow</Filter>
    </ClInclude>
    <ClInclude Include="UFO.h">
      <Filter>MainGame\Enemy\UFO</Filter>
    </ClInclude>
    <ClInclude Include="UFOBeam.h">
      <Filter>MainGame\Enemy\UFO\UFOBeam</Filter>
    </ClInclude>
    <ClInclude Include="LaughProjectile.h">
      <Filter>헤더 파일</Filter>
    </ClInclude>
    <ClInclude Include="StarProjectile.h">
      <Filter>헤더 파일</Filter>
    </ClInclude>
    <ClInclude Include="Effect.h">
      <Filter>헤더 파일</Filter>
    </ClInclude>
    <ClInclude Include="EffectManager.h">
      <Filter>헤더 파일</Filter>
    </ClInclude>
    <ClInclude Include="Sagittarius.h">
      <Filter>MainGame\Enemy\Sagittarius</Filter>
    </ClInclude>
    <ClInclude Include="SagittariusCloud.h">
      <Filter>MainGame\Enemy\Sagittarius\Cloud</Filter>
    </ClInclude>
    <ClInclude Include="BackGround.h">
      <Filter>MainGame\BackGround</Filter>
    </ClInclude>
    <ClInclude Include="Moon.h">
      <Filter>MainGame\Enemy\Moon</Filter>
    </ClInclude>
    <ClInclude Include="BlimpEnemy.h">
      <Filter>MainGame\Enemy\BlimpEnemy</Filter>
    </ClInclude>
    <ClInclude Include="Tornado.h">
      <Filter>MainGame\Enemy\Tornado</Filter>
    </ClInclude>
    <ClInclude Include="Bullet.h">
      <Filter>MainGame\Bullet</Filter>
    </ClInclude>
    <ClInclude Include="PlayerMissile.h">
      <Filter>헤더 파일</Filter>
    </ClInclude>
  </ItemGroup>
</Project>